// !$*UTF8*$!
{
	archiveVersion = 1;
	classes = {
	};
	objectVersion = 46;
	objects = {

/* Begin PBXBuildFile section */
		847966231DE38CCA0092FFCD /* HSMissileCommand.cpp in Sources */ = {isa = PBXBuildFile; fileRef = 847966211DE38CCA0092FFCD /* HSMissileCommand.cpp */; };
		847966271DE38DAE0092FFCD /* Level.cpp in Sources */ = {isa = PBXBuildFile; fileRef = 847966251DE38DAE0092FFCD /* Level.cpp */; };
		8479662B1DE3DB390092FFCD /* PrintToLCD.cpp in Sources */ = {isa = PBXBuildFile; fileRef = 847966291DE3DB390092FFCD /* PrintToLCD.cpp */; };
		8479662F1DE4837C0092FFCD /* IntroScreen.cpp in Sources */ = {isa = PBXBuildFile; fileRef = 8479662D1DE4837C0092FFCD /* IntroScreen.cpp */; };
		847966331DE48A4D0092FFCD /* Explosions.cpp in Sources */ = {isa = PBXBuildFile; fileRef = 847966311DE48A4D0092FFCD /* Explosions.cpp */; };
		847966371DE48EFC0092FFCD /* MainMenu.cpp in Sources */ = {isa = PBXBuildFile; fileRef = 847966351DE48EFC0092FFCD /* MainMenu.cpp */; };
		84E9668D1DD69307005421F9 /* main.cpp in Sources */ = {isa = PBXBuildFile; fileRef = 84E9668C1DD69307005421F9 /* main.cpp */; };
		84E967451DD7C635005421F9 /* player.cpp in Sources */ = {isa = PBXBuildFile; fileRef = 84E967311DD7C635005421F9 /* player.cpp */; };
		84E967461DD7C635005421F9 /* Makefile in Sources */ = {isa = PBXBuildFile; fileRef = 84E967331DD7C635005421F9 /* Makefile */; };
		84E967471DD7C635005421F9 /* city_landscape.cpp in Sources */ = {isa = PBXBuildFile; fileRef = 84E967351DD7C635005421F9 /* city_landscape.cpp */; };
		84E967481DD7C635005421F9 /* missile.cpp in Sources */ = {isa = PBXBuildFile; fileRef = 84E967371DD7C635005421F9 /* missile.cpp */; };
		84E967491DD7C635005421F9 /* doubly_linked_list.cpp in Sources */ = {isa = PBXBuildFile; fileRef = 84E9673A1DD7C635005421F9 /* doubly_linked_list.cpp */; };
		84E9674A1DD7C635005421F9 /* testbench.cpp in Sources */ = {isa = PBXBuildFile; fileRef = 84E9673C1DD7C635005421F9 /* testbench.cpp */; };
/* End PBXBuildFile section */

/* Begin PBXBuildRule section */
		84E967261DD7C219005421F9 /* PBXBuildRule */ = {
			isa = PBXBuildRule;
			compilerSpec = com.apple.compilers.proxy.script;
			fileType = sourcecode.cpp;
			isEditable = 1;
			outputFiles = (
				"$(DERIVED_FILE_DIR)/myfile",
			);
			script = "/usr/local/gcc-arm/bin/arm-none-eabi-gcc \"/Users/harrison/Documents/Personal/programming/HSMissileCommand/HSMissileCommand/main.cpp\"";
		};
/* End PBXBuildRule section */

/* Begin PBXCopyFilesBuildPhase section */
		84E966871DD69307005421F9 /* CopyFiles */ = {
			isa = PBXCopyFilesBuildPhase;
			buildActionMask = 2147483647;
			dstPath = /usr/share/man/man1/;
			dstSubfolderSpec = 0;
			files = (
			);
			runOnlyForDeploymentPostprocessing = 1;
		};
/* End PBXCopyFilesBuildPhase section */

/* Begin PBXFileReference section */
		847966201DE389FF0092FFCD /* BuildScript.bash */ = {isa = PBXFileReference; fileEncoding = 4; lastKnownFileType = text.script.sh; name = BuildScript.bash; path = HSMissileCommand/BuildScript.bash; sourceTree = "<group>"; };
		847966211DE38CCA0092FFCD /* HSMissileCommand.cpp */ = {isa = PBXFileReference; fileEncoding = 4; lastKnownFileType = sourcecode.cpp.cpp; name = HSMissileCommand.cpp; path = HSMissileCommand/HSMissileCommand.cpp; sourceTree = "<group>"; };
		847966221DE38CCA0092FFCD /* HSMissileCommand.hpp */ = {isa = PBXFileReference; fileEncoding = 4; lastKnownFileType = sourcecode.cpp.h; name = HSMissileCommand.hpp; path = HSMissileCommand/HSMissileCommand.hpp; sourceTree = "<group>"; };
		847966251DE38DAE0092FFCD /* Level.cpp */ = {isa = PBXFileReference; fileEncoding = 4; lastKnownFileType = sourcecode.cpp.cpp; name = Level.cpp; path = HSMissileCommand/Level.cpp; sourceTree = "<group>"; };
		847966261DE38DAE0092FFCD /* Level.hpp */ = {isa = PBXFileReference; fileEncoding = 4; lastKnownFileType = sourcecode.cpp.h; name = Level.hpp; path = HSMissileCommand/Level.hpp; sourceTree = "<group>"; };
		847966291DE3DB390092FFCD /* PrintToLCD.cpp */ = {isa = PBXFileReference; fileEncoding = 4; lastKnownFileType = sourcecode.cpp.cpp; name = PrintToLCD.cpp; path = HSMissileCommand/PrintToLCD.cpp; sourceTree = "<group>"; };
		8479662A1DE3DB390092FFCD /* PrintToLCD.hpp */ = {isa = PBXFileReference; fileEncoding = 4; lastKnownFileType = sourcecode.cpp.h; name = PrintToLCD.hpp; path = HSMissileCommand/PrintToLCD.hpp; sourceTree = "<group>"; };
		8479662D1DE4837C0092FFCD /* IntroScreen.cpp */ = {isa = PBXFileReference; fileEncoding = 4; lastKnownFileType = sourcecode.cpp.cpp; name = IntroScreen.cpp; path = HSMissileCommand/IntroScreen.cpp; sourceTree = "<group>"; };
		8479662E1DE4837C0092FFCD /* IntroScreen.hpp */ = {isa = PBXFileReference; fileEncoding = 4; lastKnownFileType = sourcecode.cpp.h; name = IntroScreen.hpp; path = HSMissileCommand/IntroScreen.hpp; sourceTree = "<group>"; };
		847966311DE48A4D0092FFCD /* Explosions.cpp */ = {isa = PBXFileReference; fileEncoding = 4; lastKnownFileType = sourcecode.cpp.cpp; name = Explosions.cpp; path = HSMissileCommand/Explosions.cpp; sourceTree = "<group>"; };
		847966321DE48A4D0092FFCD /* Explosions.hpp */ = {isa = PBXFileReference; fileEncoding = 4; lastKnownFileType = sourcecode.cpp.h; name = Explosions.hpp; path = HSMissileCommand/Explosions.hpp; sourceTree = "<group>"; };
		847966351DE48EFC0092FFCD /* MainMenu.cpp */ = {isa = PBXFileReference; fileEncoding = 4; lastKnownFileType = sourcecode.cpp.cpp; name = MainMenu.cpp; path = HSMissileCommand/MainMenu.cpp; sourceTree = "<group>"; };
		847966361DE48EFC0092FFCD /* MainMenu.hpp */ = {isa = PBXFileReference; fileEncoding = 4; lastKnownFileType = sourcecode.cpp.h; name = MainMenu.hpp; path = HSMissileCommand/MainMenu.hpp; sourceTree = "<group>"; };
		84E966891DD69307005421F9 /* HSMissileCommand */ = {isa = PBXFileReference; explicitFileType = "compiled.mach-o.executable"; includeInIndex = 0; path = HSMissileCommand; sourceTree = BUILT_PRODUCTS_DIR; };
		84E9668C1DD69307005421F9 /* main.cpp */ = {isa = PBXFileReference; lastKnownFileType = sourcecode.cpp.cpp; name = main.cpp; path = HSMissileCommand/main.cpp; sourceTree = "<group>"; };
		84E9672A1DD7C635005421F9 /* doubly_linked_list.h */ = {isa = PBXFileReference; fileEncoding = 4; lastKnownFileType = sourcecode.c.h; name = doubly_linked_list.h; path = HSMissileCommand/doubly_linked_list.h; sourceTree = "<group>"; };
		84E9672B1DD7C635005421F9 /* missile_public.h */ = {isa = PBXFileReference; fileEncoding = 4; lastKnownFileType = sourcecode.c.h; name = missile_public.h; path = HSMissileCommand/missile_public.h; sourceTree = "<group>"; };
		84E9672C1DD7C635005421F9 /* mbed */ = {isa = PBXFileReference; lastKnownFileType = folder; name = mbed; path = HSMissileCommand/mbed; sourceTree = "<group>"; };
		84E9672D1DD7C635005421F9 /* MMA8452 */ = {isa = PBXFileReference; lastKnownFileType = folder; name = MMA8452; path = HSMissileCommand/MMA8452; sourceTree = "<group>"; };
		84E9672F1DD7C635005421F9 /* city_landscape_private.h */ = {isa = PBXFileReference; fileEncoding = 4; lastKnownFileType = sourcecode.c.h; name = city_landscape_private.h; path = HSMissileCommand/city_landscape_private.h; sourceTree = "<group>"; };
		84E967301DD7C635005421F9 /* mbed_config.h */ = {isa = PBXFileReference; fileEncoding = 4; lastKnownFileType = sourcecode.c.h; name = mbed_config.h; path = HSMissileCommand/mbed_config.h; sourceTree = "<group>"; };
		84E967311DD7C635005421F9 /* player.cpp */ = {isa = PBXFileReference; fileEncoding = 4; lastKnownFileType = sourcecode.cpp.cpp; name = player.cpp; path = HSMissileCommand/player.cpp; sourceTree = "<group>"; };
		84E967321DD7C635005421F9 /* 4DGL-uLCD-SE */ = {isa = PBXFileReference; lastKnownFileType = folder; name = "4DGL-uLCD-SE"; path = "HSMissileCommand/4DGL-uLCD-SE"; sourceTree = "<group>"; };
		84E967331DD7C635005421F9 /* Makefile */ = {isa = PBXFileReference; fileEncoding = 4; lastKnownFileType = sourcecode.make; name = Makefile; path = HSMissileCommand/Makefile; sourceTree = "<group>"; };
		84E967341DD7C635005421F9 /* mbed.bld */ = {isa = PBXFileReference; fileEncoding = 4; lastKnownFileType = text; name = mbed.bld; path = HSMissileCommand/mbed.bld; sourceTree = "<group>"; };
		84E967351DD7C635005421F9 /* city_landscape.cpp */ = {isa = PBXFileReference; fileEncoding = 4; lastKnownFileType = sourcecode.cpp.cpp; name = city_landscape.cpp; path = HSMissileCommand/city_landscape.cpp; sourceTree = "<group>"; };
		84E967361DD7C635005421F9 /* city_landscape_public.h */ = {isa = PBXFileReference; fileEncoding = 4; lastKnownFileType = sourcecode.c.h; name = city_landscape_public.h; path = HSMissileCommand/city_landscape_public.h; sourceTree = "<group>"; };
		84E967371DD7C635005421F9 /* missile.cpp */ = {isa = PBXFileReference; fileEncoding = 4; lastKnownFileType = sourcecode.cpp.cpp; name = missile.cpp; path = HSMissileCommand/missile.cpp; sourceTree = "<group>"; };
		84E967381DD7C635005421F9 /* player_private.h */ = {isa = PBXFileReference; fileEncoding = 4; lastKnownFileType = sourcecode.c.h; name = player_private.h; path = HSMissileCommand/player_private.h; sourceTree = "<group>"; };
		84E967391DD7C635005421F9 /* globals.h */ = {isa = PBXFileReference; fileEncoding = 4; lastKnownFileType = sourcecode.c.h; name = globals.h; path = HSMissileCommand/globals.h; sourceTree = "<group>"; };
		84E9673A1DD7C635005421F9 /* doubly_linked_list.cpp */ = {isa = PBXFileReference; fileEncoding = 4; lastKnownFileType = sourcecode.cpp.cpp; name = doubly_linked_list.cpp; path = HSMissileCommand/doubly_linked_list.cpp; sourceTree = "<group>"; };
		84E9673B1DD7C635005421F9 /* missile_private.h */ = {isa = PBXFileReference; fileEncoding = 4; lastKnownFileType = sourcecode.c.h; name = missile_private.h; path = HSMissileCommand/missile_private.h; sourceTree = "<group>"; };
		84E9673C1DD7C635005421F9 /* testbench.cpp */ = {isa = PBXFileReference; fileEncoding = 4; lastKnownFileType = sourcecode.cpp.cpp; name = testbench.cpp; path = HSMissileCommand/testbench.cpp; sourceTree = "<group>"; };
		84E9673D1DD7C635005421F9 /* MMA8452.lib */ = {isa = PBXFileReference; fileEncoding = 4; lastKnownFileType = text; name = MMA8452.lib; path = HSMissileCommand/MMA8452.lib; sourceTree = "<group>"; };
		84E9673F1DD7C635005421F9 /* player_public.h */ = {isa = PBXFileReference; fileEncoding = 4; lastKnownFileType = sourcecode.c.h; name = player_public.h; path = HSMissileCommand/player_public.h; sourceTree = "<group>"; };
		84E967401DD7C635005421F9 /* testbench.h */ = {isa = PBXFileReference; fileEncoding = 4; lastKnownFileType = sourcecode.c.h; name = testbench.h; path = HSMissileCommand/testbench.h; sourceTree = "<group>"; };
		84E967411DD7C635005421F9 /* SDFileSystem */ = {isa = PBXFileReference; lastKnownFileType = folder; name = SDFileSystem; path = HSMissileCommand/SDFileSystem; sourceTree = "<group>"; };
		84E967421DD7C635005421F9 /* wave_player */ = {isa = PBXFileReference; lastKnownFileType = folder; name = wave_player; path = HSMissileCommand/wave_player; sourceTree = "<group>"; };
		84E967431DD7C635005421F9 /* 4DGL-uLCD-SE.lib */ = {isa = PBXFileReference; fileEncoding = 4; lastKnownFileType = text; name = "4DGL-uLCD-SE.lib"; path = "HSMissileCommand/4DGL-uLCD-SE.lib"; sourceTree = "<group>"; };
		84E967441DD7C635005421F9 /* wave_player.lib */ = {isa = PBXFileReference; fileEncoding = 4; lastKnownFileType = text; name = wave_player.lib; path = HSMissileCommand/wave_player.lib; sourceTree = "<group>"; };
/* End PBXFileReference section */

/* Begin PBXFrameworksBuildPhase section */
		84E966861DD69307005421F9 /* Frameworks */ = {
			isa = PBXFrameworksBuildPhase;
			buildActionMask = 2147483647;
			files = (
			);
			runOnlyForDeploymentPostprocessing = 0;
		};
/* End PBXFrameworksBuildPhase section */

/* Begin PBXGroup section */
		8479660D1DDFBB7B0092FFCD /* Linked  List */ = {
			isa = PBXGroup;
			children = (
				84E9672A1DD7C635005421F9 /* doubly_linked_list.h */,
				84E9673A1DD7C635005421F9 /* doubly_linked_list.cpp */,
			);
			name = "Linked  List";
			sourceTree = "<group>";
		};
		8479660E1DDFBB990092FFCD /* Missile */ = {
			isa = PBXGroup;
			children = (
				84E9673B1DD7C635005421F9 /* missile_private.h */,
				84E9672B1DD7C635005421F9 /* missile_public.h */,
				84E967371DD7C635005421F9 /* missile.cpp */,
			);
			name = Missile;
			sourceTree = "<group>";
		};
		8479660F1DDFBBA70092FFCD /* City Landscape */ = {
			isa = PBXGroup;
			children = (
				84E9672F1DD7C635005421F9 /* city_landscape_private.h */,
				84E967361DD7C635005421F9 /* city_landscape_public.h */,
				84E967351DD7C635005421F9 /* city_landscape.cpp */,
			);
			name = "City Landscape";
			sourceTree = "<group>";
		};
		847966101DDFBBBB0092FFCD /* Player */ = {
			isa = PBXGroup;
			children = (
				84E9673F1DD7C635005421F9 /* player_public.h */,
				84E967381DD7C635005421F9 /* player_private.h */,
				84E967311DD7C635005421F9 /* player.cpp */,
			);
			name = Player;
			sourceTree = "<group>";
		};
		847966111DDFBBDE0092FFCD /* Testbench */ = {
			isa = PBXGroup;
			children = (
				84E967401DD7C635005421F9 /* testbench.h */,
				84E9673C1DD7C635005421F9 /* testbench.cpp */,
			);
			name = Testbench;
			sourceTree = "<group>";
		};
		847966121DDFBBF40092FFCD /* Other Files */ = {
			isa = PBXGroup;
			children = (
				84E967341DD7C635005421F9 /* mbed.bld */,
				84E9673D1DD7C635005421F9 /* MMA8452.lib */,
				84E967431DD7C635005421F9 /* 4DGL-uLCD-SE.lib */,
				84E967441DD7C635005421F9 /* wave_player.lib */,
			);
			name = "Other Files";
			sourceTree = "<group>";
		};
		847966161DDFBD850092FFCD /* Level */ = {
			isa = PBXGroup;
			children = (
				847966261DE38DAE0092FFCD /* Level.hpp */,
				847966251DE38DAE0092FFCD /* Level.cpp */,
			);
			name = Level;
			sourceTree = "<group>";
		};
		847966241DE38D560092FFCD /* MissileCommand */ = {
			isa = PBXGroup;
			children = (
				847966301DE48A3C0092FFCD /* Explosions */,
				847966221DE38CCA0092FFCD /* HSMissileCommand.hpp */,
				847966211DE38CCA0092FFCD /* HSMissileCommand.cpp */,
				8479660F1DDFBBA70092FFCD /* City Landscape */,
				8479662C1DE483600092FFCD /* IntroScreen */,
				847966161DDFBD850092FFCD /* Level */,
				8479660D1DDFBB7B0092FFCD /* Linked  List */,
				847966341DE48EE20092FFCD /* Main Menu */,
				8479660E1DDFBB990092FFCD /* Missile */,
				847966101DDFBBBB0092FFCD /* Player */,
				847966281DE3DB1F0092FFCD /* Print */,
			);
			name = MissileCommand;
			sourceTree = "<group>";
		};
		847966281DE3DB1F0092FFCD /* Print */ = {
			isa = PBXGroup;
			children = (
				8479662A1DE3DB390092FFCD /* PrintToLCD.hpp */,
				847966291DE3DB390092FFCD /* PrintToLCD.cpp */,
			);
			name = Print;
			sourceTree = "<group>";
		};
		8479662C1DE483600092FFCD /* IntroScreen */ = {
			isa = PBXGroup;
			children = (
				8479662E1DE4837C0092FFCD /* IntroScreen.hpp */,
				8479662D1DE4837C0092FFCD /* IntroScreen.cpp */,
			);
			name = IntroScreen;
			sourceTree = "<group>";
		};
		847966301DE48A3C0092FFCD /* Explosions */ = {
			isa = PBXGroup;
			children = (
				847966321DE48A4D0092FFCD /* Explosions.hpp */,
				847966311DE48A4D0092FFCD /* Explosions.cpp */,
			);
			name = Explosions;
			sourceTree = "<group>";
		};
		847966341DE48EE20092FFCD /* Main Menu */ = {
			isa = PBXGroup;
			children = (
				847966361DE48EFC0092FFCD /* MainMenu.hpp */,
				847966351DE48EFC0092FFCD /* MainMenu.cpp */,
			);
			name = "Main Menu";
			sourceTree = "<group>";
		};
		84E966801DD69307005421F9 = {
			isa = PBXGroup;
			children = (
				84E967271DD7C24A005421F9 /* HSMissileCommand */,
				84E9668A1DD69307005421F9 /* Products */,
			);
			sourceTree = "<group>";
		};
		84E9668A1DD69307005421F9 /* Products */ = {
			isa = PBXGroup;
			children = (
				84E966891DD69307005421F9 /* HSMissileCommand */,
			);
			name = Products;
			sourceTree = "<group>";
		};
		84E967271DD7C24A005421F9 /* HSMissileCommand */ = {
			isa = PBXGroup;
			children = (
				847966111DDFBBDE0092FFCD /* Testbench */,
				847966121DDFBBF40092FFCD /* Other Files */,
				84E9672C1DD7C635005421F9 /* mbed */,
				84E9672D1DD7C635005421F9 /* MMA8452 */,
				84E967321DD7C635005421F9 /* 4DGL-uLCD-SE */,
				84E967411DD7C635005421F9 /* SDFileSystem */,
				84E967421DD7C635005421F9 /* wave_player */,
				847966241DE38D560092FFCD /* MissileCommand */,
				84E967301DD7C635005421F9 /* mbed_config.h */,
				84E967391DD7C635005421F9 /* globals.h */,
				84E967331DD7C635005421F9 /* Makefile */,
				84E9668C1DD69307005421F9 /* main.cpp */,
				847966201DE389FF0092FFCD /* BuildScript.bash */,
			);
			name = HSMissileCommand;
			sourceTree = "<group>";
		};
/* End PBXGroup section */

/* Begin PBXNativeTarget section */
		84E966881DD69307005421F9 /* HSMissileCommand */ = {
			isa = PBXNativeTarget;
			buildConfigurationList = 84E966901DD69307005421F9 /* Build configuration list for PBXNativeTarget "HSMissileCommand" */;
			buildPhases = (
				84E966851DD69307005421F9 /* Sources */,
				84E966861DD69307005421F9 /* Frameworks */,
				84E966871DD69307005421F9 /* CopyFiles */,
			);
			buildRules = (
				84E967261DD7C219005421F9 /* PBXBuildRule */,
			);
			dependencies = (
			);
			name = HSMissileCommand;
			productName = HSMissileCommand;
			productReference = 84E966891DD69307005421F9 /* HSMissileCommand */;
			productType = "com.apple.product-type.tool";
		};
/* End PBXNativeTarget section */

/* Begin PBXProject section */
		84E966811DD69307005421F9 /* Project object */ = {
			isa = PBXProject;
			attributes = {
				LastUpgradeCheck = 0810;
				ORGANIZATIONNAME = HarrisonStatham;
				TargetAttributes = {
					84E966881DD69307005421F9 = {
						CreatedOnToolsVersion = 8.1;
						ProvisioningStyle = Automatic;
					};
				};
			};
			buildConfigurationList = 84E966841DD69307005421F9 /* Build configuration list for PBXProject "HSMissileCommand" */;
			compatibilityVersion = "Xcode 3.2";
			developmentRegion = English;
			hasScannedForEncodings = 0;
			knownRegions = (
				en,
			);
			mainGroup = 84E966801DD69307005421F9;
			productRefGroup = 84E9668A1DD69307005421F9 /* Products */;
			projectDirPath = "";
			projectRoot = "";
			targets = (
				84E966881DD69307005421F9 /* HSMissileCommand */,
			);
		};
/* End PBXProject section */

/* Begin PBXSourcesBuildPhase section */
		84E966851DD69307005421F9 /* Sources */ = {
			isa = PBXSourcesBuildPhase;
			buildActionMask = 2147483647;
			files = (
				847966271DE38DAE0092FFCD /* Level.cpp in Sources */,
				84E967481DD7C635005421F9 /* missile.cpp in Sources */,
				84E967461DD7C635005421F9 /* Makefile in Sources */,
				847966331DE48A4D0092FFCD /* Explosions.cpp in Sources */,
				84E967451DD7C635005421F9 /* player.cpp in Sources */,
				84E967471DD7C635005421F9 /* city_landscape.cpp in Sources */,
				84E9674A1DD7C635005421F9 /* testbench.cpp in Sources */,
				8479662F1DE4837C0092FFCD /* IntroScreen.cpp in Sources */,
				8479662B1DE3DB390092FFCD /* PrintToLCD.cpp in Sources */,
				847966371DE48EFC0092FFCD /* MainMenu.cpp in Sources */,
				84E9668D1DD69307005421F9 /* main.cpp in Sources */,
				847966231DE38CCA0092FFCD /* HSMissileCommand.cpp in Sources */,
				84E967491DD7C635005421F9 /* doubly_linked_list.cpp in Sources */,
			);
			runOnlyForDeploymentPostprocessing = 0;
		};
/* End PBXSourcesBuildPhase section */

/* Begin XCBuildConfiguration section */
		84E9668E1DD69307005421F9 /* Debug */ = {
			isa = XCBuildConfiguration;
			buildSettings = {
				ALWAYS_SEARCH_USER_PATHS = NO;
				CLANG_ANALYZER_NONNULL = YES;
				CLANG_CXX_LANGUAGE_STANDARD = "gnu++0x";
				CLANG_CXX_LIBRARY = "libc++";
				CLANG_ENABLE_MODULES = YES;
				CLANG_ENABLE_OBJC_ARC = YES;
				CLANG_WARN_BOOL_CONVERSION = YES;
				CLANG_WARN_CONSTANT_CONVERSION = YES;
				CLANG_WARN_DIRECT_OBJC_ISA_USAGE = YES_ERROR;
				CLANG_WARN_DOCUMENTATION_COMMENTS = YES;
				CLANG_WARN_EMPTY_BODY = YES;
				CLANG_WARN_ENUM_CONVERSION = YES;
				CLANG_WARN_INFINITE_RECURSION = YES;
				CLANG_WARN_INT_CONVERSION = YES;
				CLANG_WARN_OBJC_ROOT_CLASS = YES_ERROR;
				CLANG_WARN_SUSPICIOUS_MOVES = YES;
				CLANG_WARN_UNREACHABLE_CODE = YES;
				CLANG_WARN__DUPLICATE_METHOD_MATCH = YES;
				CODE_SIGN_IDENTITY = "-";
				COPY_PHASE_STRIP = NO;
				DEBUG_INFORMATION_FORMAT = dwarf;
				ENABLE_STRICT_OBJC_MSGSEND = YES;
				ENABLE_TESTABILITY = YES;
				GCC_C_LANGUAGE_STANDARD = gnu99;
				GCC_DYNAMIC_NO_PIC = NO;
				GCC_NO_COMMON_BLOCKS = YES;
				GCC_OPTIMIZATION_LEVEL = 0;
				GCC_PREPROCESSOR_DEFINITIONS = (
					"DEBUG=1",
					"$(inherited)",
				);
				GCC_WARN_64_TO_32_BIT_CONVERSION = YES;
				GCC_WARN_ABOUT_RETURN_TYPE = YES_ERROR;
				GCC_WARN_UNDECLARED_SELECTOR = YES;
				GCC_WARN_UNINITIALIZED_AUTOS = YES_AGGRESSIVE;
				GCC_WARN_UNUSED_FUNCTION = YES;
				GCC_WARN_UNUSED_VARIABLE = YES;
				MACOSX_DEPLOYMENT_TARGET = 10.11;
				MTL_ENABLE_DEBUG_INFO = YES;
				ONLY_ACTIVE_ARCH = YES;
				SDKROOT = macosx;
			};
			name = Debug;
		};
		84E9668F1DD69307005421F9 /* Release */ = {
			isa = XCBuildConfiguration;
			buildSettings = {
				ALWAYS_SEARCH_USER_PATHS = NO;
				CLANG_ANALYZER_NONNULL = YES;
				CLANG_CXX_LANGUAGE_STANDARD = "gnu++0x";
				CLANG_CXX_LIBRARY = "libc++";
				CLANG_ENABLE_MODULES = YES;
				CLANG_ENABLE_OBJC_ARC = YES;
				CLANG_WARN_BOOL_CONVERSION = YES;
				CLANG_WARN_CONSTANT_CONVERSION = YES;
				CLANG_WARN_DIRECT_OBJC_ISA_USAGE = YES_ERROR;
				CLANG_WARN_DOCUMENTATION_COMMENTS = YES;
				CLANG_WARN_EMPTY_BODY = YES;
				CLANG_WARN_ENUM_CONVERSION = YES;
				CLANG_WARN_INFINITE_RECURSION = YES;
				CLANG_WARN_INT_CONVERSION = YES;
				CLANG_WARN_OBJC_ROOT_CLASS = YES_ERROR;
				CLANG_WARN_SUSPICIOUS_MOVES = YES;
				CLANG_WARN_UNREACHABLE_CODE = YES;
				CLANG_WARN__DUPLICATE_METHOD_MATCH = YES;
				CODE_SIGN_IDENTITY = "-";
				COPY_PHASE_STRIP = NO;
				DEBUG_INFORMATION_FORMAT = "dwarf-with-dsym";
				ENABLE_NS_ASSERTIONS = NO;
				ENABLE_STRICT_OBJC_MSGSEND = YES;
				GCC_C_LANGUAGE_STANDARD = gnu99;
				GCC_NO_COMMON_BLOCKS = YES;
				GCC_WARN_64_TO_32_BIT_CONVERSION = YES;
				GCC_WARN_ABOUT_RETURN_TYPE = YES_ERROR;
				GCC_WARN_UNDECLARED_SELECTOR = YES;
				GCC_WARN_UNINITIALIZED_AUTOS = YES_AGGRESSIVE;
				GCC_WARN_UNUSED_FUNCTION = YES;
				GCC_WARN_UNUSED_VARIABLE = YES;
				MACOSX_DEPLOYMENT_TARGET = 10.11;
				MTL_ENABLE_DEBUG_INFO = NO;
				SDKROOT = macosx;
			};
			name = Release;
		};
		84E966911DD69307005421F9 /* Debug */ = {
			isa = XCBuildConfiguration;
			buildSettings = {
				PRODUCT_NAME = "$(TARGET_NAME)";
			};
			name = Debug;
		};
		84E966921DD69307005421F9 /* Release */ = {
			isa = XCBuildConfiguration;
			buildSettings = {
				PRODUCT_NAME = "$(TARGET_NAME)";
			};
			name = Release;
		};
/* End XCBuildConfiguration section */

/* Begin XCConfigurationList section */
		84E966841DD69307005421F9 /* Build configuration list for PBXProject "HSMissileCommand" */ = {
			isa = XCConfigurationList;
			buildConfigurations = (
				84E9668E1DD69307005421F9 /* Debug */,
				84E9668F1DD69307005421F9 /* Release */,
			);
			defaultConfigurationIsVisible = 0;
			defaultConfigurationName = Release;
		};
		84E966901DD69307005421F9 /* Build configuration list for PBXNativeTarget "HSMissileCommand" */ = {
			isa = XCConfigurationList;
			buildConfigurations = (
				84E966911DD69307005421F9 /* Debug */,
				84E966921DD69307005421F9 /* Release */,
			);
			defaultConfigurationIsVisible = 0;
			defaultConfigurationName = Release;
		};
/* End XCConfigurationList section */
	};
	rootObject = 84E966811DD69307005421F9 /* Project object */;
}
